
Microsoft Visual Studio Solution File, Format Version 12.00
# Visual Studio Version 17
VisualStudioVersion = 17.14.36221.1 d17.14
MinimumVisualStudioVersion = 10.0.40219.1
Project("{8BC9CEB8-8B4A-11D0-8D11-00A0C91BC942}") = "bchlib", "bchlib\bchlib.vcxproj", "{1AD2058F-A661-43B3-ADB9-D8EE5D18DF7A}"
EndProject
Project("{FAE04EC0-301F-11D3-BF4B-00C04F79EFBC}") = "NandDumpGUI", "NandDumpGUI\NandDumpGUI.csproj", "{813D0D28-5134-4373-AB7C-CE9D3404FC63}"
EndProject
Global
	GlobalSection(SolutionConfigurationPlatforms) = preSolution
		Debug|Any CPU = Debug|Any CPU
		Debug|x64 = Debug|x64
		Debug|x86 = Debug|x86
		Release|Any CPU = Release|Any CPU
		Release|x64 = Release|x64
		Release|x86 = Release|x86
	EndGlobalSection
	GlobalSection(ProjectConfigurationPlatforms) = postSolution
		{1AD2058F-A661-43B3-ADB9-D8EE5D18DF7A}.Debug|Any CPU.ActiveCfg = Debug|x64
		{1AD2058F-A661-43B3-ADB9-D8EE5D18DF7A}.Debug|Any CPU.Build.0 = Debug|x64
		{1AD2058F-A661-43B3-ADB9-D8EE5D18DF7A}.Debug|x64.ActiveCfg = Debug|x64
		{1AD2058F-A661-43B3-ADB9-D8EE5D18DF7A}.Debug|x64.Build.0 = Debug|x64
		{1AD2058F-A661-43B3-ADB9-D8EE5D18DF7A}.Debug|x86.ActiveCfg = Debug|Win32
		{1AD2058F-A661-43B3-ADB9-D8EE5D18DF7A}.Debug|x86.Build.0 = Debug|Win32
		{1AD2058F-A661-43B3-ADB9-D8EE5D18DF7A}.Release|Any CPU.ActiveCfg = Release|x64
		{1AD2058F-A661-43B3-ADB9-D8EE5D18DF7A}.Release|Any CPU.Build.0 = Release|x64
		{1AD2058F-A661-43B3-ADB9-D8EE5D18DF7A}.Release|x64.ActiveCfg = Release|x64
		{1AD2058F-A661-43B3-ADB9-D8EE5D18DF7A}.Release|x64.Build.0 = Release|x64
		{1AD2058F-A661-43B3-ADB9-D8EE5D18DF7A}.Release|x86.ActiveCfg = Release|Win32
		{1AD2058F-A661-43B3-ADB9-D8EE5D18DF7A}.Release|x86.Build.0 = Release|Win32
		{813D0D28-5134-4373-AB7C-CE9D3404FC63}.Debug|Any CPU.ActiveCfg = Debug|Any CPU
		{813D0D28-5134-4373-AB7C-CE9D3404FC63}.Debug|Any CPU.Build.0 = Debug|Any CPU
		{813D0D28-5134-4373-AB7C-CE9D3404FC63}.Debug|x64.ActiveCfg = Debug|Any CPU
		{813D0D28-5134-4373-AB7C-CE9D3404FC63}.Debug|x64.Build.0 = Debug|Any CPU
		{813D0D28-5134-4373-AB7C-CE9D3404FC63}.Debug|x86.ActiveCfg = Debug|Any CPU
		{813D0D28-5134-4373-AB7C-CE9D3404FC63}.Debug|x86.Build.0 = Debug|Any CPU
		{813D0D28-5134-4373-AB7C-CE9D3404FC63}.Release|Any CPU.ActiveCfg = Release|Any CPU
		{813D0D28-5134-4373-AB7C-CE9D3404FC63}.Release|Any CPU.Build.0 = Release|Any CPU
		{813D0D28-5134-4373-AB7C-CE9D3404FC63}.Release|x64.ActiveCfg = Release|Any CPU
		{813D0D28-5134-4373-AB7C-CE9D3404FC63}.Release|x64.Build.0 = Release|Any CPU
		{813D0D28-5134-4373-AB7C-CE9D3404FC63}.Release|x86.ActiveCfg = Release|Any CPU
		{813D0D28-5134-4373-AB7C-CE9D3404FC63}.Release|x86.Build.0 = Release|Any CPU
	EndGlobalSection
	GlobalSection(SolutionProperties) = preSolution
		HideSolutionNode = FALSE
	EndGlobalSection
	GlobalSection(ExtensibilityGlobals) = postSolution
		SolutionGuid = {CA78040D-A251-42F8-A1DE-E5BEB9784B64}
	EndGlobalSection
EndGlobal
